// !$*UTF8*$!
{
	archiveVersion = 1;
	classes = {
	};
	objectVersion = 50;
	objects = {

/* Begin PBXBuildFile section */
		0CE83F6227342A0000BD516F /* CardModel.swift in Sources */ = {isa = PBXBuildFile; fileRef = 0CE83F6127342A0000BD516F /* CardModel.swift */; };
		0CE83F6427342AE700BD516F /* CardData.swift in Sources */ = {isa = PBXBuildFile; fileRef = 0CE83F6327342AE700BD516F /* CardData.swift */; };
		0CE83F66273430C600BD516F /* sound-chime.mp3 in Resources */ = {isa = PBXBuildFile; fileRef = 0CE83F65273430C500BD516F /* sound-chime.mp3 */; };
		8814952E271AC274002A6A6C /* Learn_by_DoingApp.swift in Sources */ = {isa = PBXBuildFile; fileRef = 8814952D271AC274002A6A6C /* Learn_by_DoingApp.swift */; };
		88149530271AC274002A6A6C /* ContentView.swift in Sources */ = {isa = PBXBuildFile; fileRef = 8814952F271AC274002A6A6C /* ContentView.swift */; };
		88149532271AC27D002A6A6C /* Assets.xcassets in Resources */ = {isa = PBXBuildFile; fileRef = 88149531271AC27D002A6A6C /* Assets.xcassets */; };
		88149535271AC27D002A6A6C /* Preview Assets.xcassets in Resources */ = {isa = PBXBuildFile; fileRef = 88149534271AC27D002A6A6C /* Preview Assets.xcassets */; };
		881ACDBD271AEF1800399F79 /* Launch Screen.storyboard in Resources */ = {isa = PBXBuildFile; fileRef = 881ACDBC271AEF1800399F79 /* Launch Screen.storyboard */; };
		881ACDBF271AEFB800399F79 /* CardView.swift in Sources */ = {isa = PBXBuildFile; fileRef = 881ACDBE271AEFB800399F79 /* CardView.swift */; };
/* End PBXBuildFile section */

/* Begin PBXFileReference section */
		0CE83F6127342A0000BD516F /* CardModel.swift */ = {isa = PBXFileReference; lastKnownFileType = sourcecode.swift; path = CardModel.swift; sourceTree = "<group>"; };
		0CE83F6327342AE700BD516F /* CardData.swift */ = {isa = PBXFileReference; lastKnownFileType = sourcecode.swift; path = CardData.swift; sourceTree = "<group>"; };
		0CE83F65273430C500BD516F /* sound-chime.mp3 */ = {isa = PBXFileReference; lastKnownFileType = audio.mp3; path = "sound-chime.mp3"; sourceTree = "<group>"; };
		8814952A271AC274002A6A6C /* Learn by Doing.app */ = {isa = PBXFileReference; explicitFileType = wrapper.application; includeInIndex = 0; path = "Learn by Doing.app"; sourceTree = BUILT_PRODUCTS_DIR; };
		8814952D271AC274002A6A6C /* Learn_by_DoingApp.swift */ = {isa = PBXFileReference; lastKnownFileType = sourcecode.swift; path = Learn_by_DoingApp.swift; sourceTree = "<group>"; };
		8814952F271AC274002A6A6C /* ContentView.swift */ = {isa = PBXFileReference; lastKnownFileType = sourcecode.swift; path = ContentView.swift; sourceTree = "<group>"; };
		88149531271AC27D002A6A6C /* Assets.xcassets */ = {isa = PBXFileReference; lastKnownFileType = folder.assetcatalog; path = Assets.xcassets; sourceTree = "<group>"; };
		88149534271AC27D002A6A6C /* Preview Assets.xcassets */ = {isa = PBXFileReference; lastKnownFileType = folder.assetcatalog; path = "Preview Assets.xcassets"; sourceTree = "<group>"; };
		88149536271AC27D002A6A6C /* Info.plist */ = {isa = PBXFileReference; lastKnownFileType = text.plist.xml; path = Info.plist; sourceTree = "<group>"; };
		881ACDBC271AEF1800399F79 /* Launch Screen.storyboard */ = {isa = PBXFileReference; lastKnownFileType = file.storyboard; path = "Launch Screen.storyboard"; sourceTree = "<group>"; };
		881ACDBE271AEFB800399F79 /* CardView.swift */ = {isa = PBXFileReference; lastKnownFileType = sourcecode.swift; path = CardView.swift; sourceTree = "<group>"; };
/* End PBXFileReference section */

/* Begin PBXFrameworksBuildPhase section */
		88149527271AC274002A6A6C /* Frameworks */ = {
			isa = PBXFrameworksBuildPhase;
			buildActionMask = 2147483647;
			files = (
			);
			runOnlyForDeploymentPostprocessing = 0;
		};
/* End PBXFrameworksBuildPhase section */

/* Begin PBXGroup section */
		88149521271AC274002A6A6C = {
			isa = PBXGroup;
			children = (
				8814952C271AC274002A6A6C /* Learn by Doing */,
				8814952B271AC274002A6A6C /* Products */,
			);
			sourceTree = "<group>";
		};
		8814952B271AC274002A6A6C /* Products */ = {
			isa = PBXGroup;
			children = (
				8814952A271AC274002A6A6C /* Learn by Doing.app */,
			);
			name = Products;
			sourceTree = "<group>";
		};
		8814952C271AC274002A6A6C /* Learn by Doing */ = {
			isa = PBXGroup;
			children = (
				0CE83F65273430C500BD516F /* sound-chime.mp3 */,
				8814952D271AC274002A6A6C /* Learn_by_DoingApp.swift */,
				8814952F271AC274002A6A6C /* ContentView.swift */,
				88149531271AC27D002A6A6C /* Assets.xcassets */,
				88149536271AC27D002A6A6C /* Info.plist */,
				88149533271AC27D002A6A6C /* Preview Content */,
				881ACDBC271AEF1800399F79 /* Launch Screen.storyboard */,
				881ACDBE271AEFB800399F79 /* CardView.swift */,
				0CE83F6127342A0000BD516F /* CardModel.swift */,
				0CE83F6327342AE700BD516F /* CardData.swift */,
			);
			path = "Learn by Doing";
			sourceTree = "<group>";
		};
		88149533271AC27D002A6A6C /* Preview Content */ = {
			isa = PBXGroup;
			children = (
				88149534271AC27D002A6A6C /* Preview Assets.xcassets */,
			);
			path = "Preview Content";
			sourceTree = "<group>";
		};
/* End PBXGroup section */

/* Begin PBXNativeTarget section */
		88149529271AC274002A6A6C /* Learn by Doing */ = {
			isa = PBXNativeTarget;
			buildConfigurationList = 88149539271AC27D002A6A6C /* Build configuration list for PBXNativeTarget "Learn by Doing" */;
			buildPhases = (
				88149526271AC274002A6A6C /* Sources */,
				88149527271AC274002A6A6C /* Frameworks */,
				88149528271AC274002A6A6C /* Resources */,
			);
			buildRules = (
			);
			dependencies = (
			);
			name = "Learn by Doing";
			productName = "Learn by Doing";
			productReference = 8814952A271AC274002A6A6C /* Learn by Doing.app */;
			productType = "com.apple.product-type.application";
		};
/* End PBXNativeTarget section */

/* Begin PBXProject section */
		88149522271AC274002A6A6C /* Project object */ = {
			isa = PBXProject;
			attributes = {
				LastSwiftUpdateCheck = 1250;
				LastUpgradeCheck = 1250;
				TargetAttributes = {
					88149529271AC274002A6A6C = {
						CreatedOnToolsVersion = 12.5;
					};
				};
			};
			buildConfigurationList = 88149525271AC274002A6A6C /* Build configuration list for PBXProject "Learn by Doing" */;
			compatibilityVersion = "Xcode 9.3";
			developmentRegion = en;
			hasScannedForEncodings = 0;
			knownRegions = (
				en,
				Base,
			);
			mainGroup = 88149521271AC274002A6A6C;
			productRefGroup = 8814952B271AC274002A6A6C /* Products */;
			projectDirPath = "";
			projectRoot = "";
			targets = (
				88149529271AC274002A6A6C /* Learn by Doing */,
			);
		};
/* End PBXProject section */

/* Begin PBXResourcesBuildPhase section */
		88149528271AC274002A6A6C /* Resources */ = {
			isa = PBXResourcesBuildPhase;
			buildActionMask = 2147483647;
			files = (
				88149535271AC27D002A6A6C /* Preview Assets.xcassets in Resources */,
				0CE83F66273430C600BD516F /* sound-chime.mp3 in Resources */,
				881ACDBD271AEF1800399F79 /* Launch Screen.storyboard in Resources */,
				88149532271AC27D002A6A6C /* Assets.xcassets in Resources */,
			);
			runOnlyForDeploymentPostprocessing = 0;
		};
/* End PBXResourcesBuildPhase section */

/* Begin PBXSourcesBuildPhase section */
		88149526271AC274002A6A6C /* Sources */ = {
			isa = PBXSourcesBuildPhase;
			buildActionMask = 2147483647;
			files = (
				0CE83F6427342AE700BD516F /* CardData.swift in Sources */,
				88149530271AC274002A6A6C /* ContentView.swift in Sources */,
				0CE83F6227342A0000BD516F /* CardModel.swift in Sources */,
				881ACDBF271AEFB800399F79 /* CardView.swift in Sources */,
				8814952E271AC274002A6A6C /* Learn_by_DoingApp.swift in Sources */,
			);
			runOnlyForDeploymentPostprocessing = 0;
		};
/* End PBXSourcesBuildPhase section */

/* Begin XCBuildConfiguration section */
		88149537271AC27D002A6A6C /* Debug */ = {
			isa = XCBuildConfiguration;
			buildSettings = {
				ALWAYS_SEARCH_USER_PATHS = NO;
				CLANG_ANALYZER_NONNULL = YES;
				CLANG_ANALYZER_NUMBER_OBJECT_CONVERSION = YES_AGGRESSIVE;
				CLANG_CXX_LANGUAGE_STANDARD = "gnu++14";
				CLANG_CXX_LIBRARY = "libc++";
				CLANG_ENABLE_MODULES = YES;
				CLANG_ENABLE_OBJC_ARC = YES;
				CLANG_ENABLE_OBJC_WEAK = YES;
				CLANG_WARN_BLOCK_CAPTURE_AUTORELEASING = YES;
				CLANG_WARN_BOOL_CONVERSION = YES;
				CLANG_WARN_COMMA = YES;
				CLANG_WARN_CONSTANT_CONVERSION = YES;
				CLANG_WARN_DEPRECATED_OBJC_IMPLEMENTATIONS = YES;
				CLANG_WARN_DIRECT_OBJC_ISA_USAGE = YES_ERROR;
				CLANG_WARN_DOCUMENTATION_COMMENTS = YES;
				CLANG_WARN_EMPTY_BODY = YES;
				CLANG_WARN_ENUM_CONVERSION = YES;
				CLANG_WARN_INFINITE_RECURSION = YES;
				CLANG_WARN_INT_CONVERSION = YES;
				CLANG_WARN_NON_LITERAL_NULL_CONVERSION = YES;
				CLANG_WARN_OBJC_IMPLICIT_RETAIN_SELF = YES;
				CLANG_WARN_OBJC_LITERAL_CONVERSION = YES;
				CLANG_WARN_OBJC_ROOT_CLASS = YES_ERROR;
				CLANG_WARN_QUOTED_INCLUDE_IN_FRAMEWORK_HEADER = YES;
				CLANG_WARN_RANGE_LOOP_ANALYSIS = YES;
				CLANG_WARN_STRICT_PROTOTYPES = YES;
				CLANG_WARN_SUSPICIOUS_MOVE = YES;
				CLANG_WARN_UNGUARDED_AVAILABILITY = YES_AGGRESSIVE;
				CLANG_WARN_UNREACHABLE_CODE = YES;
				CLANG_WARN__DUPLICATE_METHOD_MATCH = YES;
				COPY_PHASE_STRIP = NO;
				DEBUG_INFORMATION_FORMAT = dwarf;
				ENABLE_STRICT_OBJC_MSGSEND = YES;
				ENABLE_TESTABILITY = YES;
				GCC_C_LANGUAGE_STANDARD = gnu11;
				GCC_DYNAMIC_NO_PIC = NO;
				GCC_NO_COMMON_BLOCKS = YES;
				GCC_OPTIMIZATION_LEVEL = 0;
				GCC_PREPROCESSOR_DEFINITIONS = (
					"DEBUG=1",
					"$(inherited)",
				);
				GCC_WARN_64_TO_32_BIT_CONVERSION = YES;
				GCC_WARN_ABOUT_RETURN_TYPE = YES_ERROR;
				GCC_WARN_UNDECLARED_SELECTOR = YES;
				GCC_WARN_UNINITIALIZED_AUTOS = YES_AGGRESSIVE;
				GCC_WARN_UNUSED_FUNCTION = YES;
				GCC_WARN_UNUSED_VARIABLE = YES;
				IPHONEOS_DEPLOYMENT_TARGET = 14.5;
				MTL_ENABLE_DEBUG_INFO = INCLUDE_SOURCE;
				MTL_FAST_MATH = YES;
				ONLY_ACTIVE_ARCH = YES;
				SDKROOT = iphoneos;
				SWIFT_ACTIVE_COMPILATION_CONDITIONS = DEBUG;
				SWIFT_OPTIMIZATION_LEVEL = "-Onone";
			};
			name = Debug;
		};
		88149538271AC27D002A6A6C /* Release */ = {
			isa = XCBuildConfiguration;
			buildSettings = {
				ALWAYS_SEARCH_USER_PATHS = NO;
				CLANG_ANALYZER_NONNULL = YES;
				CLANG_ANALYZER_NUMBER_OBJECT_CONVERSION = YES_AGGRESSIVE;
				CLANG_CXX_LANGUAGE_STANDARD = "gnu++14";
				CLANG_CXX_LIBRARY = "libc++";
				CLANG_ENABLE_MODULES = YES;
				CLANG_ENABLE_OBJC_ARC = YES;
				CLANG_ENABLE_OBJC_WEAK = YES;
				CLANG_WARN_BLOCK_CAPTURE_AUTORELEASING = YES;
				CLANG_WARN_BOOL_CONVERSION = YES;
				CLANG_WARN_COMMA = YES;
				CLANG_WARN_CONSTANT_CONVERSION = YES;
				CLANG_WARN_DEPRECATED_OBJC_IMPLEMENTATIONS = YES;
				CLANG_WARN_DIRECT_OBJC_ISA_USAGE = YES_ERROR;
				CLANG_WARN_DOCUMENTATION_COMMENTS = YES;
				CLANG_WARN_EMPTY_BODY = YES;
				CLANG_WARN_ENUM_CONVERSION = YES;
				CLANG_WARN_INFINITE_RECURSION = YES;
				CLANG_WARN_INT_CONVERSION = YES;
				CLANG_WARN_NON_LITERAL_NULL_CONVERSION = YES;
				CLANG_WARN_OBJC_IMPLICIT_RETAIN_SELF = YES;
				CLANG_WARN_OBJC_LITERAL_CONVERSION = YES;
				CLANG_WARN_OBJC_ROOT_CLASS = YES_ERROR;
				CLANG_WARN_QUOTED_INCLUDE_IN_FRAMEWORK_HEADER = YES;
				CLANG_WARN_RANGE_LOOP_ANALYSIS = YES;
				CLANG_WARN_STRICT_PROTOTYPES = YES;
				CLANG_WARN_SUSPICIOUS_MOVE = YES;
				CLANG_WARN_UNGUARDED_AVAILABILITY = YES_AGGRESSIVE;
				CLANG_WARN_UNREACHABLE_CODE = YES;
				CLANG_WARN__DUPLICATE_METHOD_MATCH = YES;
				COPY_PHASE_STRIP = NO;
				DEBUG_INFORMATION_FORMAT = "dwarf-with-dsym";
				ENABLE_NS_ASSERTIONS = NO;
				ENABLE_STRICT_OBJC_MSGSEND = YES;
				GCC_C_LANGUAGE_STANDARD = gnu11;
				GCC_NO_COMMON_BLOCKS = YES;
				GCC_WARN_64_TO_32_BIT_CONVERSION = YES;
				GCC_WARN_ABOUT_RETURN_TYPE = YES_ERROR;
				GCC_WARN_UNDECLARED_SELECTOR = YES;
				GCC_WARN_UNINITIALIZED_AUTOS = YES_AGGRESSIVE;
				GCC_WARN_UNUSED_FUNCTION = YES;
				GCC_WARN_UNUSED_VARIABLE = YES;
				IPHONEOS_DEPLOYMENT_TARGET = 14.5;
				MTL_ENABLE_DEBUG_INFO = NO;
				MTL_FAST_MATH = YES;
				SDKROOT = iphoneos;
				SWIFT_COMPILATION_MODE = wholemodule;
				SWIFT_OPTIMIZATION_LEVEL = "-O";
				VALIDATE_PRODUCT = YES;
			};
			name = Release;
		};
		8814953A271AC27D002A6A6C /* Debug */ = {
			isa = XCBuildConfiguration;
			buildSettings = {
				ASSETCATALOG_COMPILER_APPICON_NAME = AppIcon;
				ASSETCATALOG_COMPILER_GLOBAL_ACCENT_COLOR_NAME = AccentColor;
				CODE_SIGN_STYLE = Automatic;
				DEVELOPMENT_ASSET_PATHS = "\"Learn by Doing/Preview Content\"";
				DEVELOPMENT_TEAM = L23WY88RCA;
				ENABLE_PREVIEWS = YES;
				INFOPLIST_FILE = "Learn by Doing/Info.plist";
				IPHONEOS_DEPLOYMENT_TARGET = 14.0;
				LD_RUNPATH_SEARCH_PATHS = (
					"$(inherited)",
					"@executable_path/Frameworks",
				);
				PRODUCT_BUNDLE_IDENTIFIER = "com.anis-agwan.Learn-by-Doing";
				PRODUCT_NAME = "$(TARGET_NAME)";
				SWIFT_VERSION = 5.0;
				TARGETED_DEVICE_FAMILY = "1,2";
			};
			name = Debug;
		};
		8814953B271AC27D002A6A6C /* Release */ = {
			isa = XCBuildConfiguration;
			buildSettings = {
				ASSETCATALOG_COMPILER_APPICON_NAME = AppIcon;
				ASSETCATALOG_COMPILER_GLOBAL_ACCENT_COLOR_NAME = AccentColor;
				CODE_SIGN_STYLE = Automatic;
				DEVELOPMENT_ASSET_PATHS = "\"Learn by Doing/Preview Content\"";
				DEVELOPMENT_TEAM = L23WY88RCA;
				ENABLE_PREVIEWS = YES;
				INFOPLIST_FILE = "Learn by Doing/Info.plist";
				IPHONEOS_DEPLOYMENT_TARGET = 14.0;
				LD_RUNPATH_SEARCH_PATHS = (
					"$(inherited)",
					"@executable_path/Frameworks",
				);
				PRODUCT_BUNDLE_IDENTIFIER = "com.anis-agwan.Learn-by-Doing";
				PRODUCT_NAME = "$(TARGET_NAME)";
				SWIFT_VERSION = 5.0;
				TARGETED_DEVICE_FAMILY = "1,2";
			};
			name = Release;
		};
/* End XCBuildConfiguration section */

/* Begin XCConfigurationList section */
		88149525271AC274002A6A6C /* Build configuration list for PBXProject "Learn by Doing" */ = {
			isa = XCConfigurationList;
			buildConfigurations = (
				88149537271AC27D002A6A6C /* Debug */,
				88149538271AC27D002A6A6C /* Release */,
			);
			defaultConfigurationIsVisible = 0;
			defaultConfigurationName = Release;
		};
		88149539271AC27D002A6A6C /* Build configuration list for PBXNativeTarget "Learn by Doing" */ = {
			isa = XCConfigurationList;
			buildConfigurations = (
				8814953A271AC27D002A6A6C /* Debug */,
				8814953B271AC27D002A6A6C /* Release */,
			);
			defaultConfigurationIsVisible = 0;
			defaultConfigurationName = Release;
		};
/* End XCConfigurationList section */
	};
	rootObject = 88149522271AC274002A6A6C /* Project object */;
}
